
Microsoft Visual Studio Solution File, Format Version 12.00
# Visual Studio Version 16
VisualStudioVersion = 16.0.33214.272
MinimumVisualStudioVersion = 10.0.40219.1
Project("{8BC9CEB8-8B4A-11D0-8D11-00A0C91BC942}") = "Prob5", "Prob5.vcxproj", "{FA099C6E-2FA6-4F79-B660-5BC361FC8F36}"
EndProject
Global
	GlobalSection(SolutionConfigurationPlatforms) = preSolution
		Debug|x64 = Debug|x64
		Debug|x86 = Debug|x86
		Release|x64 = Release|x64
		Release|x86 = Release|x86
	EndGlobalSection
	GlobalSection(ProjectConfigurationPlatforms) = postSolution
		{FA099C6E-2FA6-4F79-B660-5BC361FC8F36}.Debug|x64.ActiveCfg = Debug|x64
		{FA099C6E-2FA6-4F79-B660-5BC361FC8F36}.Debug|x64.Build.0 = Debug|x64
		{FA099C6E-2FA6-4F79-B660-5BC361FC8F36}.Debug|x86.ActiveCfg = Debug|Win32
		{FA099C6E-2FA6-4F79-B660-5BC361FC8F36}.Debug|x86.Build.0 = Debug|Win32
		{FA099C6E-2FA6-4F79-B660-5BC361FC8F36}.Release|x64.ActiveCfg = Release|x64
		{FA099C6E-2FA6-4F79-B660-5BC361FC8F36}.Release|x64.Build.0 = Release|x64
		{FA099C6E-2FA6-4F79-B660-5BC361FC8F36}.Release|x86.ActiveCfg = Release|Win32
		{FA099C6E-2FA6-4F79-B660-5BC361FC8F36}.Release|x86.Build.0 = Release|Win32
	EndGlobalSection
	GlobalSection(SolutionProperties) = preSolution
		HideSolutionNode = FALSE
	EndGlobalSection
	GlobalSection(ExtensibilityGlobals) = postSolution
		SolutionGuid = {E568F5E5-9045-44BD-99CB-44BC64B97B69}
	EndGlobalSection
EndGlobal
