
Microsoft Visual Studio Solution File, Format Version 12.00
# Visual Studio Version 16
VisualStudioVersion = 16.0.33214.272
MinimumVisualStudioVersion = 10.0.40219.1
Project("{8BC9CEB8-8B4A-11D0-8D11-00A0C91BC942}") = "Prob2", "Prob2.vcxproj", "{4A1049D4-589E-4DB1-84BD-E083207A622C}"
EndProject
Global
	GlobalSection(SolutionConfigurationPlatforms) = preSolution
		Debug|x64 = Debug|x64
		Debug|x86 = Debug|x86
		Release|x64 = Release|x64
		Release|x86 = Release|x86
	EndGlobalSection
	GlobalSection(ProjectConfigurationPlatforms) = postSolution
		{4A1049D4-589E-4DB1-84BD-E083207A622C}.Debug|x64.ActiveCfg = Debug|x64
		{4A1049D4-589E-4DB1-84BD-E083207A622C}.Debug|x64.Build.0 = Debug|x64
		{4A1049D4-589E-4DB1-84BD-E083207A622C}.Debug|x86.ActiveCfg = Debug|Win32
		{4A1049D4-589E-4DB1-84BD-E083207A622C}.Debug|x86.Build.0 = Debug|Win32
		{4A1049D4-589E-4DB1-84BD-E083207A622C}.Release|x64.ActiveCfg = Release|x64
		{4A1049D4-589E-4DB1-84BD-E083207A622C}.Release|x64.Build.0 = Release|x64
		{4A1049D4-589E-4DB1-84BD-E083207A622C}.Release|x86.ActiveCfg = Release|Win32
		{4A1049D4-589E-4DB1-84BD-E083207A622C}.Release|x86.Build.0 = Release|Win32
	EndGlobalSection
	GlobalSection(SolutionProperties) = preSolution
		HideSolutionNode = FALSE
	EndGlobalSection
	GlobalSection(ExtensibilityGlobals) = postSolution
		SolutionGuid = {4DB06419-5441-4F10-88FE-81F262234336}
	EndGlobalSection
EndGlobal
